Microsoft Visual Studio Solution File, Format Version 12.00
# Visual Studio Version 17
VisualStudioVersion = 17.5.2.0
MinimumVisualStudioVersion = 10.0.40219.1
Project("{2150E333-8FDC-42A3-9474-1A3956D46DE8}") = "exep2p", "exep2p", "{678A3A99-0F4E-D315-8E3C-E24F46115D1E}"
EndProject
Project("{2150E333-8FDC-42A3-9474-1A3956D46DE8}") = "C#", "C#", "{AE92F735-CC24-7016-6CAE-89392A6B57C2}"
EndProject
Project("{FAE04EC0-301F-11D3-BF4B-00C04F79EFBC}") = "WoldVirtualViewer", "exep2p\C#\WoldVirtualViewer.csproj", "{7C67CACD-6588-1C78-5ED4-508A33DBB8C4}"
EndProject
Project("{2150E333-8FDC-42A3-9474-1A3956D46DE8}") = "SERVER", "SERVER", "{A44D4EF7-2B7B-CEA7-C02C-9E8AD55568EE}"
EndProject
Project("{FAE04EC0-301F-11D3-BF4B-00C04F79EFBC}") = "WoldVirtualServer", "exep2p\SERVER\WoldVirtualServer.csproj", "{1073A7FB-BA1C-A3A8-3020-D8C21E42408A}"
EndProject
Project("{FAE04EC0-301F-11D3-BF4B-00C04F79EFBC}") = "PruebasP2P", "exep2p\C#\PruebasP2P\PruebasP2P.csproj", "{DCBD9D2E-F2DE-9F03-86FD-7B9DD4F6EC40}"
EndProject
Project("{2150E333-8FDC-42A3-9474-1A3956D46DE8}") = "TestsDirectas", "TestsDirectas", "{1CAD75D1-694C-2997-8992-B21605E6F18B}"
EndProject
Project("{FAE04EC0-301F-11D3-BF4B-00C04F79EFBC}") = "TestsDirectas", "exep2p\C#\TestsDirectas\TestsDirectas\TestsDirectas.csproj", "{09419835-0268-96A8-8AB1-0C4732541645}"
EndProject
Global
	GlobalSection(SolutionConfigurationPlatforms) = preSolution
		Debug|Any CPU = Debug|Any CPU
		Release|Any CPU = Release|Any CPU
	EndGlobalSection
	GlobalSection(ProjectConfigurationPlatforms) = postSolution
		{7C67CACD-6588-1C78-5ED4-508A33DBB8C4}.Debug|Any CPU.ActiveCfg = Debug|Any CPU
		{7C67CACD-6588-1C78-5ED4-508A33DBB8C4}.Debug|Any CPU.Build.0 = Debug|Any CPU
		{7C67CACD-6588-1C78-5ED4-508A33DBB8C4}.Release|Any CPU.ActiveCfg = Release|Any CPU
		{7C67CACD-6588-1C78-5ED4-508A33DBB8C4}.Release|Any CPU.Build.0 = Release|Any CPU
		{1073A7FB-BA1C-A3A8-3020-D8C21E42408A}.Debug|Any CPU.ActiveCfg = Debug|Any CPU
		{1073A7FB-BA1C-A3A8-3020-D8C21E42408A}.Debug|Any CPU.Build.0 = Debug|Any CPU
		{1073A7FB-BA1C-A3A8-3020-D8C21E42408A}.Release|Any CPU.ActiveCfg = Release|Any CPU
		{1073A7FB-BA1C-A3A8-3020-D8C21E42408A}.Release|Any CPU.Build.0 = Release|Any CPU
		{DCBD9D2E-F2DE-9F03-86FD-7B9DD4F6EC40}.Debug|Any CPU.ActiveCfg = Debug|Any CPU
		{DCBD9D2E-F2DE-9F03-86FD-7B9DD4F6EC40}.Debug|Any CPU.Build.0 = Debug|Any CPU
		{DCBD9D2E-F2DE-9F03-86FD-7B9DD4F6EC40}.Release|Any CPU.ActiveCfg = Release|Any CPU
		{DCBD9D2E-F2DE-9F03-86FD-7B9DD4F6EC40}.Release|Any CPU.Build.0 = Release|Any CPU
		{09419835-0268-96A8-8AB1-0C4732541645}.Debug|Any CPU.ActiveCfg = Debug|Any CPU
		{09419835-0268-96A8-8AB1-0C4732541645}.Debug|Any CPU.Build.0 = Debug|Any CPU
		{09419835-0268-96A8-8AB1-0C4732541645}.Release|Any CPU.ActiveCfg = Release|Any CPU
		{09419835-0268-96A8-8AB1-0C4732541645}.Release|Any CPU.Build.0 = Release|Any CPU
	EndGlobalSection
	GlobalSection(SolutionProperties) = preSolution
		HideSolutionNode = FALSE
	EndGlobalSection
	GlobalSection(NestedProjects) = preSolution
		{AE92F735-CC24-7016-6CAE-89392A6B57C2} = {678A3A99-0F4E-D315-8E3C-E24F46115D1E}
		{7C67CACD-6588-1C78-5ED4-508A33DBB8C4} = {AE92F735-CC24-7016-6CAE-89392A6B57C2}
		{A44D4EF7-2B7B-CEA7-C02C-9E8AD55568EE} = {678A3A99-0F4E-D315-8E3C-E24F46115D1E}
		{1073A7FB-BA1C-A3A8-3020-D8C21E42408A} = {A44D4EF7-2B7B-CEA7-C02C-9E8AD55568EE}
		{DCBD9D2E-F2DE-9F03-86FD-7B9DD4F6EC40} = {AE92F735-CC24-7016-6CAE-89392A6B57C2}
		{1CAD75D1-694C-2997-8992-B21605E6F18B} = {AE92F735-CC24-7016-6CAE-89392A6B57C2}
		{09419835-0268-96A8-8AB1-0C4732541645} = {1CAD75D1-694C-2997-8992-B21605E6F18B}
	EndGlobalSection
	GlobalSection(ExtensibilityGlobals) = postSolution
		SolutionGuid = {C299EFD4-390A-40C2-ACBB-E1569B444623}
	EndGlobalSection
EndGlobal
